
Microsoft Visual Studio Solution File, Format Version 12.00
# Visual Studio Version 16
VisualStudioVersion = 16.0.30002.166
MinimumVisualStudioVersion = 10.0.40219.1
Project("{FAE04EC0-301F-11D3-BF4B-00C04F79EFBC}") = "Mniak.AspNetCore.Http.Services.Abstractions", "Mniak.AspNetCore.Http.Services.Abstractions\Mniak.AspNetCore.Http.Services.Abstractions.csproj", "{6EFDBFEB-1D16-41AB-936E-A135D008016B}"
EndProject
Project("{FAE04EC0-301F-11D3-BF4B-00C04F79EFBC}") = "Mniak.AspNetCore.Http.Services", "Mniak.AspNetCore.Http.Services\Mniak.AspNetCore.Http.Services.csproj", "{096DE5D3-884D-4688-BF58-6C8A9A175FE6}"
EndProject
Global
	GlobalSection(SolutionProperties) = preSolution
		HideSolutionNode = FALSE
	EndGlobalSection
	GlobalSection(ExtensibilityGlobals) = postSolution
		SolutionGuid = {19E09485-F84D-460D-AAAF-EE1CD4377BD0}
	EndGlobalSection
	GlobalSection(SolutionConfigurationPlatforms) = preSolution
		Debug|Any CPU = Debug|Any CPU
		Debug|x64 = Debug|x64
		Debug|x86 = Debug|x86
		Release|Any CPU = Release|Any CPU
		Release|x64 = Release|x64
		Release|x86 = Release|x86
	EndGlobalSection
	GlobalSection(ProjectConfigurationPlatforms) = postSolution
		{6EFDBFEB-1D16-41AB-936E-A135D008016B}.Debug|Any CPU.ActiveCfg = Debug|Any CPU
		{6EFDBFEB-1D16-41AB-936E-A135D008016B}.Debug|Any CPU.Build.0 = Debug|Any CPU
		{6EFDBFEB-1D16-41AB-936E-A135D008016B}.Debug|x64.ActiveCfg = Debug|Any CPU
		{6EFDBFEB-1D16-41AB-936E-A135D008016B}.Debug|x64.Build.0 = Debug|Any CPU
		{6EFDBFEB-1D16-41AB-936E-A135D008016B}.Debug|x86.ActiveCfg = Debug|Any CPU
		{6EFDBFEB-1D16-41AB-936E-A135D008016B}.Debug|x86.Build.0 = Debug|Any CPU
		{6EFDBFEB-1D16-41AB-936E-A135D008016B}.Release|Any CPU.ActiveCfg = Release|Any CPU
		{6EFDBFEB-1D16-41AB-936E-A135D008016B}.Release|Any CPU.Build.0 = Release|Any CPU
		{6EFDBFEB-1D16-41AB-936E-A135D008016B}.Release|x64.ActiveCfg = Release|Any CPU
		{6EFDBFEB-1D16-41AB-936E-A135D008016B}.Release|x64.Build.0 = Release|Any CPU
		{6EFDBFEB-1D16-41AB-936E-A135D008016B}.Release|x86.ActiveCfg = Release|Any CPU
		{6EFDBFEB-1D16-41AB-936E-A135D008016B}.Release|x86.Build.0 = Release|Any CPU
		{096DE5D3-884D-4688-BF58-6C8A9A175FE6}.Debug|Any CPU.ActiveCfg = Debug|Any CPU
		{096DE5D3-884D-4688-BF58-6C8A9A175FE6}.Debug|Any CPU.Build.0 = Debug|Any CPU
		{096DE5D3-884D-4688-BF58-6C8A9A175FE6}.Debug|x64.ActiveCfg = Debug|Any CPU
		{096DE5D3-884D-4688-BF58-6C8A9A175FE6}.Debug|x64.Build.0 = Debug|Any CPU
		{096DE5D3-884D-4688-BF58-6C8A9A175FE6}.Debug|x86.ActiveCfg = Debug|Any CPU
		{096DE5D3-884D-4688-BF58-6C8A9A175FE6}.Debug|x86.Build.0 = Debug|Any CPU
		{096DE5D3-884D-4688-BF58-6C8A9A175FE6}.Release|Any CPU.ActiveCfg = Release|Any CPU
		{096DE5D3-884D-4688-BF58-6C8A9A175FE6}.Release|Any CPU.Build.0 = Release|Any CPU
		{096DE5D3-884D-4688-BF58-6C8A9A175FE6}.Release|x64.ActiveCfg = Release|Any CPU
		{096DE5D3-884D-4688-BF58-6C8A9A175FE6}.Release|x64.Build.0 = Release|Any CPU
		{096DE5D3-884D-4688-BF58-6C8A9A175FE6}.Release|x86.ActiveCfg = Release|Any CPU
		{096DE5D3-884D-4688-BF58-6C8A9A175FE6}.Release|x86.Build.0 = Release|Any CPU
	EndGlobalSection
EndGlobal
